
Microsoft Visual Studio Solution File, Format Version 12.00
# Visual Studio Version 16
VisualStudioVersion = 16.0.30804.86
MinimumVisualStudioVersion = 10.0.40219.1
Project("{9A19103F-16F7-4668-BE54-9A1E7A4F7556}") = "OOP-project2-group1", "OOP-project2-group1.csproj", "{8CA42776-0331-460A-A08D-C6A82EFAF899}"
EndProject
Global
	GlobalSection(SolutionConfigurationPlatforms) = preSolution
		Debug|Any CPU = Debug|Any CPU
		Release|Any CPU = Release|Any CPU
	EndGlobalSection
	GlobalSection(ProjectConfigurationPlatforms) = postSolution
		{8CA42776-0331-460A-A08D-C6A82EFAF899}.Debug|Any CPU.ActiveCfg = Debug|Any CPU
		{8CA42776-0331-460A-A08D-C6A82EFAF899}.Debug|Any CPU.Build.0 = Debug|Any CPU
		{8CA42776-0331-460A-A08D-C6A82EFAF899}.Release|Any CPU.ActiveCfg = Release|Any CPU
		{8CA42776-0331-460A-A08D-C6A82EFAF899}.Release|Any CPU.Build.0 = Release|Any CPU
	EndGlobalSection
	GlobalSection(SolutionProperties) = preSolution
		HideSolutionNode = FALSE
	EndGlobalSection
	GlobalSection(ExtensibilityGlobals) = postSolution
		SolutionGuid = {BFDA2913-B120-4FA0-AF2A-FF7B409DFD09}
	EndGlobalSection
EndGlobal
